// !$*UTF8*$!
{
	archiveVersion = 1;
	classes = {
	};
	objectVersion = 46;
	objects = {

/* Begin PBXBuildFile section */
		2159F5FB13757E7A00E3F7D2 /* main.cpp in Sources */ = {isa = PBXBuildFile; fileRef = 2159F5FA13757E7A00E3F7D2 /* main.cpp */; };
/* End PBXBuildFile section */

/* Begin PBXCopyFilesBuildPhase section */
		2159F5F413757E7A00E3F7D2 /* CopyFiles */ = {
			isa = PBXCopyFilesBuildPhase;
			buildActionMask = 2147483647;
			dstPath = /usr/share/man/man1/;
			dstSubfolderSpec = 0;
			files = (
			);
			runOnlyForDeploymentPostprocessing = 1;
		};
/* End PBXCopyFilesBuildPhase section */

/* Begin PBXFileReference section */
		2159F5F613757E7A00E3F7D2 /* IMG */ = {isa = PBXFileReference; explicitFileType = "compiled.mach-o.executable"; includeInIndex = 0; path = IMG; sourceTree = BUILT_PRODUCTS_DIR; };
		2159F5FA13757E7A00E3F7D2 /* main.cpp */ = {isa = PBXFileReference; lastKnownFileType = sourcecode.cpp.cpp; path = main.cpp; sourceTree = "<group>"; };
		2159F5FC13757E7A00E3F7D2 /* IMG.1 */ = {isa = PBXFileReference; lastKnownFileType = text.man; path = IMG.1; sourceTree = "<group>"; };
/* End PBXFileReference section */

/* Begin PBXFrameworksBuildPhase section */
		2159F5F313757E7A00E3F7D2 /* Frameworks */ = {
			isa = PBXFrameworksBuildPhase;
			buildActionMask = 2147483647;
			files = (
			);
			runOnlyForDeploymentPostprocessing = 0;
		};
/* End PBXFrameworksBuildPhase section */

/* Begin PBXGroup section */
		2159F5EB13757E7A00E3F7D2 = {
			isa = PBXGroup;
			children = (
				2159F5F913757E7A00E3F7D2 /* IMG */,
				2159F5F713757E7A00E3F7D2 /* Products */,
			);
			sourceTree = "<group>";
		};
		2159F5F713757E7A00E3F7D2 /* Products */ = {
			isa = PBXGroup;
			children = (
				2159F5F613757E7A00E3F7D2 /* IMG */,
			);
			name = Products;
			sourceTree = "<group>";
		};
		2159F5F913757E7A00E3F7D2 /* IMG */ = {
			isa = PBXGroup;
			children = (
				2159F5FA13757E7A00E3F7D2 /* main.cpp */,
				2159F5FC13757E7A00E3F7D2 /* IMG.1 */,
			);
			path = IMG;
			sourceTree = "<group>";
		};
/* End PBXGroup section */

/* Begin PBXNativeTarget section */
		2159F5F513757E7A00E3F7D2 /* IMG */ = {
			isa = PBXNativeTarget;
			buildConfigurationList = 2159F5FF13757E7A00E3F7D2 /* Build configuration list for PBXNativeTarget "IMG" */;
			buildPhases = (
				2159F5F213757E7A00E3F7D2 /* Sources */,
				2159F5F313757E7A00E3F7D2 /* Frameworks */,
				2159F5F413757E7A00E3F7D2 /* CopyFiles */,
			);
			buildRules = (
			);
			dependencies = (
			);
			name = IMG;
			productName = IMG;
			productReference = 2159F5F613757E7A00E3F7D2 /* IMG */;
			productType = "com.apple.product-type.tool";
		};
/* End PBXNativeTarget section */

/* Begin PBXProject section */
		2159F5ED13757E7A00E3F7D2 /* Project object */ = {
			isa = PBXProject;
			attributes = {
				ORGANIZATIONNAME = "Universitat Pompeu Fabra";
			};
			buildConfigurationList = 2159F5F013757E7A00E3F7D2 /* Build configuration list for PBXProject "IMG" */;
			compatibilityVersion = "Xcode 3.2";
			developmentRegion = English;
			hasScannedForEncodings = 0;
			knownRegions = (
				en,
			);
			mainGroup = 2159F5EB13757E7A00E3F7D2;
			productRefGroup = 2159F5F713757E7A00E3F7D2 /* Products */;
			projectDirPath = "";
			projectRoot = "";
			targets = (
				2159F5F513757E7A00E3F7D2 /* IMG */,
			);
		};
/* End PBXProject section */

/* Begin PBXSourcesBuildPhase section */
		2159F5F213757E7A00E3F7D2 /* Sources */ = {
			isa = PBXSourcesBuildPhase;
			buildActionMask = 2147483647;
			files = (
				2159F5FB13757E7A00E3F7D2 /* main.cpp in Sources */,
			);
			runOnlyForDeploymentPostprocessing = 0;
		};
/* End PBXSourcesBuildPhase section */

/* Begin XCBuildConfiguration section */
		2159F5FD13757E7A00E3F7D2 /* Debug */ = {
			isa = XCBuildConfiguration;
			buildSettings = {
				ARCHS = "$(ARCHS_STANDARD_32_64_BIT)";
				GCC_C_LANGUAGE_STANDARD = gnu99;
				GCC_OPTIMIZATION_LEVEL = 0;
				GCC_PREPROCESSOR_DEFINITIONS = DEBUG;
				GCC_SYMBOLS_PRIVATE_EXTERN = NO;
				GCC_VERSION = com.apple.compilers.llvm.clang.1_0;
				GCC_WARN_64_TO_32_BIT_CONVERSION = YES;
				GCC_WARN_ABOUT_RETURN_TYPE = YES;
				GCC_WARN_UNUSED_VARIABLE = YES;
				MACOSX_DEPLOYMENT_TARGET = 10.6;
				ONLY_ACTIVE_ARCH = YES;
				SDKROOT = macosx;
			};
			name = Debug;
		};
		2159F5FE13757E7A00E3F7D2 /* Release */ = {
			isa = XCBuildConfiguration;
			buildSettings = {
				ARCHS = "$(ARCHS_STANDARD_32_64_BIT)";
				GCC_C_LANGUAGE_STANDARD = gnu99;
				GCC_VERSION = com.apple.compilers.llvm.clang.1_0;
				GCC_WARN_64_TO_32_BIT_CONVERSION = YES;
				GCC_WARN_ABOUT_RETURN_TYPE = YES;
				GCC_WARN_UNUSED_VARIABLE = YES;
				MACOSX_DEPLOYMENT_TARGET = 10.6;
				SDKROOT = macosx;
			};
			name = Release;
		};
		2159F60013757E7A00E3F7D2 /* Debug */ = {
			isa = XCBuildConfiguration;
			buildSettings = {
				ALWAYS_SEARCH_USER_PATHS = NO;
				COPY_PHASE_STRIP = NO;
				GCC_DYNAMIC_NO_PIC = NO;
				GCC_ENABLE_OBJC_EXCEPTIONS = YES;
				PRODUCT_NAME = "$(TARGET_NAME)";
			};
			name = Debug;
		};
		2159F60113757E7A00E3F7D2 /* Release */ = {
			isa = XCBuildConfiguration;
			buildSettings = {
				ALWAYS_SEARCH_USER_PATHS = NO;
				COPY_PHASE_STRIP = YES;
				DEBUG_INFORMATION_FORMAT = "dwarf-with-dsym";
				GCC_ENABLE_OBJC_EXCEPTIONS = YES;
				PRODUCT_NAME = "$(TARGET_NAME)";
			};
			name = Release;
		};
/* End XCBuildConfiguration section */

/* Begin XCConfigurationList section */
		2159F5F013757E7A00E3F7D2 /* Build configuration list for PBXProject "IMG" */ = {
			isa = XCConfigurationList;
			buildConfigurations = (
				2159F5FD13757E7A00E3F7D2 /* Debug */,
				2159F5FE13757E7A00E3F7D2 /* Release */,
			);
			defaultConfigurationIsVisible = 0;
			defaultConfigurationName = Release;
		};
		2159F5FF13757E7A00E3F7D2 /* Build configuration list for PBXNativeTarget "IMG" */ = {
			isa = XCConfigurationList;
			buildConfigurations = (
				2159F60013757E7A00E3F7D2 /* Debug */,
				2159F60113757E7A00E3F7D2 /* Release */,
			);
			defaultConfigurationIsVisible = 0;
		};
/* End XCConfigurationList section */
	};
	rootObject = 2159F5ED13757E7A00E3F7D2 /* Project object */;
}
